# THIS IS AN AUTOGENERATED FILE. DO NOT EDIT THIS FILE DIRECTLY.
# yarn lockfile v1


jquery@^3.7.1:
  version "3.7.1"
  resolved "https://registry.yarnpkg.com/jquery/-/jquery-3.7.1.tgz#083ef98927c9a6a74d05a6af02806566d16274de"
  integrity sha512-m4avr8yL8kmFN8psrbFFFmB/If14iN5o9nw/NgnnM+kybDJpRsAynV2BsfpTYrTRysYUdADVD7CkUUizgkpLfg==

jsyg-boundingbox@^1.1.0:
  version "1.1.0"
  resolved "https://registry.yarnpkg.com/jsyg-boundingbox/-/jsyg-boundingbox-1.1.0.tgz#ff99650d42a89bdaa2ab4d419e3db77d71df867d"
  integrity sha512-nYFkpQSYVl8JTeGD6EkH8CTwtClGR9ffEwKCYQKRwwgIU/p6HRox3FIN3FBopm5CZIxw1wa4TwT0tgH0M3qxgw==
  dependencies:
    jsyg "^1.1.0"
    jsyg-path "^1.0.0"

jsyg-color@^1.0.0:
  version "1.0.0"
  resolved "https://registry.yarnpkg.com/jsyg-color/-/jsyg-color-1.0.0.tgz#004127c07311932297aada90bfd5a0541115aca7"
  integrity sha512-8B6aIRlbOjwNOvBMfsC/DnQtOUxjwS5ts5Auje++c1OQbfY1gr3Iv9kQJ5M7C96XY0Fvc7dgc5s0yXoQeOxbNQ==

jsyg-events@^1.0.0:
  version "1.0.0"
  resolved "https://registry.yarnpkg.com/jsyg-events/-/jsyg-events-1.0.0.tgz#889f27a436e2824cb96c35da98deb248bda0d301"
  integrity sha512-ELIo54NR0tXPC8Va2Z9p+hqKzV5MYPeq7LYlOpc7fnGaSAIrAbqk7pKCXHSrZffuppFr3HXUxegOG3Dh7VHbtQ==

jsyg-matrix@^1.0.0:
  version "1.0.0"
  resolved "https://registry.yarnpkg.com/jsyg-matrix/-/jsyg-matrix-1.0.0.tgz#e347a4527697da2b8a48c8958ccc2012e030f56d"
  integrity sha512-NXMd8Ig+Bxx3B87BSUEGmBVjiIIvKeebdxvOtgKu0ZbjaqGcVw34CIONChx9rIM4PU/lzvjtiiCnPkMnNRbN6A==
  dependencies:
    jsyg-vect "^1.0.2"

jsyg-path@^1.0.0:
  version "1.2.0"
  resolved "https://registry.yarnpkg.com/jsyg-path/-/jsyg-path-1.2.0.tgz#a31ea13ba9b39608257826705e570b59ba815e1a"
  integrity sha512-Sfgx7JluZ6UmaHfC5OTlZ5A9hQKRoMd69LEK6oi3sH7VilW20rQn62G9GBN3JFA8qz3tjaABjFLsw0B28A9UMw==
  dependencies:
    jsyg "^1.1.0"
    pathseg "^1.2.1"

jsyg-point@^1.0.1:
  version "1.0.1"
  resolved "https://registry.yarnpkg.com/jsyg-point/-/jsyg-point-1.0.1.tgz#59647ab7626d29ab0e1611a3b3864eb48ac5d846"
  integrity sha512-YfJ4RvMdYUFHNCAK3Xo5iqdU48ZqxcVL6qtTfUvEvb62+01R6H7bTLERysY9abzrgAbs1cYkVfFw0w5n3TvAPQ==

jsyg-stdconstruct@^1.0.0:
  version "1.0.0"
  resolved "https://registry.yarnpkg.com/jsyg-stdconstruct/-/jsyg-stdconstruct-1.0.0.tgz#c546739c9e9f14d12a19328f57992ba263e0616a"
  integrity sha512-ZWP/iuMD1wFAoK9b3ytHA59Z4m/yKvgufukA9L1cJsY2WS6bXZMa21RQ2kqvH6DVmFyWkX9TTlxcxh4ETsYa4g==
  dependencies:
    jsyg-events "^1.0.0"

jsyg-strutils@^1.0.0:
  version "1.0.0"
  resolved "https://registry.yarnpkg.com/jsyg-strutils/-/jsyg-strutils-1.0.0.tgz#a4265f86ac350707a4da25f10ec3bdc6b277cf10"
  integrity sha512-E8nsSE7A05CrX4PXhBx+KuqxxKEWsuJJqPXTcFh4SexE665m+3lUwJ0d+OZYVEydkeN5BeruZO9tR2mTy4qAxg==

jsyg-utils@^1.0.4:
  version "1.0.5"
  resolved "https://registry.yarnpkg.com/jsyg-utils/-/jsyg-utils-1.0.5.tgz#0011ac7d2c1b4bf1a3e41f2497d1b9600d6e78a8"
  integrity sha512-ojQ4pZ3VkpeCzlp5l6/U6YYQbDEJPkdlWvrgbnpAPILVi+SvXgNBDHRYHilc/heMfS8UXK7gT4jENnsbwEB/7Q==
  dependencies:
    jsyg-matrix "^1.0.0"
    jsyg-point "^1.0.1"
    jsyg-strutils "^1.0.0"
    jsyg-vect "^1.0.2"
    jsyg-wrapper "^1.0.0"

jsyg-vect@^1.0.2:
  version "1.0.2"
  resolved "https://registry.yarnpkg.com/jsyg-vect/-/jsyg-vect-1.0.2.tgz#0f99475e27bc756790592bbdf04de8a2d2764466"
  integrity sha512-RKu/e6d/HLF3svtekbwH2GbbSF6F4cfKkZquGNaevMk9s7oRoxl+K4N30c++zeyx/avJO9P0Ujiki54oHQR3+w==
  dependencies:
    jsyg-point "^1.0.1"

jsyg-wrapper@^1.0.0, jsyg-wrapper@^1.1.0:
  version "1.1.2"
  resolved "https://registry.yarnpkg.com/jsyg-wrapper/-/jsyg-wrapper-1.1.2.tgz#92f60a86c921f6df70cd96bb0e77cdb06532f01b"
  integrity sha512-ZCrPGde+xN3Ce7QxUAqgN5bjlyUknj0p9UbpkWvyQCwVdL57jQUtotTthAMcyOwK0cE/e2mQl5fJPvMt6mBx1A==
  dependencies:
    jquery "^3.7.1"

jsyg@^1.1.0:
  version "1.1.1"
  resolved "https://registry.yarnpkg.com/jsyg/-/jsyg-1.1.1.tgz#c05561a1b35fc2ec7152efd2b03d6f6d0f134c47"
  integrity sha512-RDPCDJQK/2nomcBtB8rNWJjlt0XfVHtzz2aDyrzGlC3x10eVPv5Oa0BB8FJAFOdGuWrv9fWMXCYP06qlNU/xow==
  dependencies:
    jquery "^3.7.1"
    jsyg-events "^1.0.0"
    jsyg-matrix "^1.0.0"
    jsyg-point "^1.0.1"
    jsyg-stdconstruct "^1.0.0"
    jsyg-strutils "^1.0.0"
    jsyg-utils "^1.0.4"
    jsyg-vect "^1.0.2"
    jsyg-wrapper "^1.1.0"

pathseg@^1.2.1:
  version "1.2.1"
  resolved "https://registry.yarnpkg.com/pathseg/-/pathseg-1.2.1.tgz#50b3fc4fc05c64f4a52f8c04156f6f3975b0df3c"
  integrity sha512-LtvemzPvcGamWBbNWJaIrgfUzpynXfwYrP6SSFVRhNHVcCaq6SVm4kRGJNuIV8qzBKgCN3fEXFZZ16YETFIXoA==

prettier@^3.6.2:
  version "3.6.2"
  resolved "https://registry.yarnpkg.com/prettier/-/prettier-3.6.2.tgz#ccda02a1003ebbb2bfda6f83a074978f608b9393"
  integrity sha512-I7AIg5boAr5R0FFtJ6rCfD+LFsWHp81dolrFD8S79U9tb8Az2nGrJncnMSnys+bpQJfRUzqs9hnA81OAA3hCuQ==
